
Microsoft Visual Studio Solution File, Format Version 12.00
# Visual Studio 15
VisualStudioVersion = 15.0.26823.1
MinimumVisualStudioVersion = 10.0.40219.1
Project("{FAE04EC0-301F-11D3-BF4B-00C04F79EFBC}") = "MusicBot.Functions", "src\func\MusicBot.Functions.csproj", "{873C19BC-5DF2-4BB2-AD46-E96C048BCF9F}"
EndProject
Project("{FAE04EC0-301F-11D3-BF4B-00C04F79EFBC}") = "MusicBot.App", "src\app\MusicBot.App.csproj", "{CCDCEBC9-6663-4108-BD8C-8300F0E4FF81}"
EndProject
Global
	GlobalSection(SolutionConfigurationPlatforms) = preSolution
		Debug|Any CPU = Debug|Any CPU
		Release|Any CPU = Release|Any CPU
	EndGlobalSection
	GlobalSection(ProjectConfigurationPlatforms) = postSolution
		{873C19BC-5DF2-4BB2-AD46-E96C048BCF9F}.Debug|Any CPU.ActiveCfg = Debug|Any CPU
		{873C19BC-5DF2-4BB2-AD46-E96C048BCF9F}.Debug|Any CPU.Build.0 = Debug|Any CPU
		{873C19BC-5DF2-4BB2-AD46-E96C048BCF9F}.Release|Any CPU.ActiveCfg = Release|Any CPU
		{873C19BC-5DF2-4BB2-AD46-E96C048BCF9F}.Release|Any CPU.Build.0 = Release|Any CPU
		{CCDCEBC9-6663-4108-BD8C-8300F0E4FF81}.Debug|Any CPU.ActiveCfg = Debug|Any CPU
		{CCDCEBC9-6663-4108-BD8C-8300F0E4FF81}.Debug|Any CPU.Build.0 = Debug|Any CPU
		{CCDCEBC9-6663-4108-BD8C-8300F0E4FF81}.Release|Any CPU.ActiveCfg = Release|Any CPU
		{CCDCEBC9-6663-4108-BD8C-8300F0E4FF81}.Release|Any CPU.Build.0 = Release|Any CPU
	EndGlobalSection
	GlobalSection(SolutionProperties) = preSolution
		HideSolutionNode = FALSE
	EndGlobalSection
	GlobalSection(ExtensibilityGlobals) = postSolution
		SolutionGuid = {6FE80FD2-CF73-4A4C-8AF1-54A0E9B228CC}
	EndGlobalSection
EndGlobal
