
Microsoft Visual Studio Solution File, Format Version 12.00
# Visual Studio 15
VisualStudioVersion = 15.0.26923.0
MinimumVisualStudioVersion = 10.0.40219.1
Project("{9A19103F-16F7-4668-BE54-9A1E7A4F7556}") = "MusicBot.Functions", "src\func\MusicBot.Functions.csproj", "{873C19BC-5DF2-4BB2-AD46-E96C048BCF9F}"
EndProject
Project("{2150E333-8FDC-42A3-9474-1A3956D46DE8}") = "Build", "Build", "{D5C6FDAF-BEC1-4207-828E-1A9A952A98BB}"
	ProjectSection(SolutionItems) = preProject
		.gitignore = .gitignore
		appveyor.yml = appveyor.yml
		LICENSE = LICENSE
		README.md = README.md
	EndProjectSection
EndProject
Project("{151D2E53-A2C4-4D7D-83FE-D05416EBD58E}") = "MusicBot.Arm", "src\arm\MusicBot.Arm.deployproj", "{5988C502-85CB-4C7C-9BDF-18A8F0D26E4D}"
EndProject
Project("{FAE04EC0-301F-11D3-BF4B-00C04F79EFBC}") = "MusicBot.App", "src\app\MusicBot.App.csproj", "{73385F0A-74FC-4ECA-8992-BF3B1032FD7C}"
EndProject
Project("{2150E333-8FDC-42A3-9474-1A3956D46DE8}") = "Test", "Test", "{00A39AD5-5552-4E0F-B1EF-D0E7BCEECF7C}"
EndProject
Project("{FAE04EC0-301F-11D3-BF4B-00C04F79EFBC}") = "MusicBot.App.Test", "test\app\MusicBot.App.Test.csproj", "{2E3DF5C2-8A38-4A03-86D7-8D463C917E47}"
EndProject
Project("{FAE04EC0-301F-11D3-BF4B-00C04F79EFBC}") = "MusicBot.Functions.Test", "test\func-unit\MusicBot.Functions.Test.csproj", "{A048A1AB-4E39-4A12-9A09-B71785C3AB6E}"
EndProject
Global
	GlobalSection(SolutionConfigurationPlatforms) = preSolution
		Debug|Any CPU = Debug|Any CPU
		Release|Any CPU = Release|Any CPU
	EndGlobalSection
	GlobalSection(ProjectConfigurationPlatforms) = postSolution
		{873C19BC-5DF2-4BB2-AD46-E96C048BCF9F}.Debug|Any CPU.ActiveCfg = Debug|Any CPU
		{873C19BC-5DF2-4BB2-AD46-E96C048BCF9F}.Debug|Any CPU.Build.0 = Debug|Any CPU
		{873C19BC-5DF2-4BB2-AD46-E96C048BCF9F}.Release|Any CPU.ActiveCfg = Release|Any CPU
		{873C19BC-5DF2-4BB2-AD46-E96C048BCF9F}.Release|Any CPU.Build.0 = Release|Any CPU
		{5988C502-85CB-4C7C-9BDF-18A8F0D26E4D}.Debug|Any CPU.ActiveCfg = Debug|Any CPU
		{5988C502-85CB-4C7C-9BDF-18A8F0D26E4D}.Debug|Any CPU.Build.0 = Debug|Any CPU
		{5988C502-85CB-4C7C-9BDF-18A8F0D26E4D}.Release|Any CPU.ActiveCfg = Release|Any CPU
		{5988C502-85CB-4C7C-9BDF-18A8F0D26E4D}.Release|Any CPU.Build.0 = Release|Any CPU
		{73385F0A-74FC-4ECA-8992-BF3B1032FD7C}.Debug|Any CPU.ActiveCfg = Debug|Any CPU
		{73385F0A-74FC-4ECA-8992-BF3B1032FD7C}.Debug|Any CPU.Build.0 = Debug|Any CPU
		{73385F0A-74FC-4ECA-8992-BF3B1032FD7C}.Release|Any CPU.ActiveCfg = Release|Any CPU
		{73385F0A-74FC-4ECA-8992-BF3B1032FD7C}.Release|Any CPU.Build.0 = Release|Any CPU
		{2E3DF5C2-8A38-4A03-86D7-8D463C917E47}.Debug|Any CPU.ActiveCfg = Debug|Any CPU
		{2E3DF5C2-8A38-4A03-86D7-8D463C917E47}.Debug|Any CPU.Build.0 = Debug|Any CPU
		{2E3DF5C2-8A38-4A03-86D7-8D463C917E47}.Release|Any CPU.ActiveCfg = Release|Any CPU
		{2E3DF5C2-8A38-4A03-86D7-8D463C917E47}.Release|Any CPU.Build.0 = Release|Any CPU
		{A048A1AB-4E39-4A12-9A09-B71785C3AB6E}.Debug|Any CPU.ActiveCfg = Debug|Any CPU
		{A048A1AB-4E39-4A12-9A09-B71785C3AB6E}.Debug|Any CPU.Build.0 = Debug|Any CPU
		{A048A1AB-4E39-4A12-9A09-B71785C3AB6E}.Release|Any CPU.ActiveCfg = Release|Any CPU
		{A048A1AB-4E39-4A12-9A09-B71785C3AB6E}.Release|Any CPU.Build.0 = Release|Any CPU
	EndGlobalSection
	GlobalSection(SolutionProperties) = preSolution
		HideSolutionNode = FALSE
	EndGlobalSection
	GlobalSection(NestedProjects) = preSolution
		{2E3DF5C2-8A38-4A03-86D7-8D463C917E47} = {00A39AD5-5552-4E0F-B1EF-D0E7BCEECF7C}
		{A048A1AB-4E39-4A12-9A09-B71785C3AB6E} = {00A39AD5-5552-4E0F-B1EF-D0E7BCEECF7C}
	EndGlobalSection
	GlobalSection(ExtensibilityGlobals) = postSolution
		SolutionGuid = {6FE80FD2-CF73-4A4C-8AF1-54A0E9B228CC}
		EnterpriseLibraryConfigurationToolBinariesPathV6 = packages\EnterpriseLibrary.TransientFaultHandling.6.0.1304.0\lib\portable-net45+win+wp8
	EndGlobalSection
EndGlobal
